{
  "name": "AppMeteo",
  "lockfileVersion": 2,
  "requires": true,
  "packages": {
    "": {
      "dependencies": {
        "countries-list": "^3.0.6"
      }
    },
    "node_modules/countries-list": {
      "version": "3.0.6",
      "resolved": "https://registry.npmjs.org/countries-list/-/countries-list-3.0.6.tgz",
      "integrity": "sha512-BCJODHTSRMIxS0W80NZw8bC7x6/WS8Tf4FdtFrEbW0FONBbqTAzOrKNG06UEMgLGxOZpOJddiVEdCztKLpmPxA=="
    }
  },
  "dependencies": {
    "countries-list": {
      "version": "3.0.6",
      "resolved": "https://registry.npmjs.org/countries-list/-/countries-list-3.0.6.tgz",
      "integrity": "sha512-BCJODHTSRMIxS0W80NZw8bC7x6/WS8Tf4FdtFrEbW0FONBbqTAzOrKNG06UEMgLGxOZpOJddiVEdCztKLpmPxA=="
    }
  }
}
